
Microsoft Visual Studio Solution File, Format Version 12.00
# Visual Studio Version 17
VisualStudioVersion = 17.13.35828.75
MinimumVisualStudioVersion = 10.0.40219.1
Project("{FAE04EC0-301F-11D3-BF4B-00C04F79EFBC}") = "FitnessApp.Domain", "FitnessApp.Domain\FitnessApp.Domain.csproj", "{461BCFBE-06D4-46BB-A668-6637DBAE0E9A}"
EndProject
Project("{FAE04EC0-301F-11D3-BF4B-00C04F79EFBC}") = "FitnessApp.Application", "FitnessApp.Application\FitnessApp.Application.csproj", "{36287ED0-9F21-43AD-9177-2CA25E81A5F5}"
EndProject
Project("{FAE04EC0-301F-11D3-BF4B-00C04F79EFBC}") = "FitnessApp.Infrastructure", "FitnessApp.Infrastructure\FitnessApp.Infrastructure.csproj", "{B0D6B72F-3E2A-409D-A727-C6CC31BBC79C}"
EndProject
Project("{FAE04EC0-301F-11D3-BF4B-00C04F79EFBC}") = "FitnessApp.API", "FitnessApp.API\FitnessApp.API.csproj", "{2FE69833-1F9A-4CF1-B885-DFEEBD41B5CC}"
EndProject
Project("{2150E333-8FDC-42A3-9474-1A3956D46DE8}") = "Solution Items", "Solution Items", "{8EC462FD-D22E-90A8-E5CE-7E832BA40C5D}"
	ProjectSection(SolutionItems) = preProject
		.gitignore = .gitignore
		docker-compose.yml = docker-compose.yml
	EndProjectSection
EndProject
Global
	GlobalSection(SolutionConfigurationPlatforms) = preSolution
		Debug|Any CPU = Debug|Any CPU
		Release|Any CPU = Release|Any CPU
	EndGlobalSection
	GlobalSection(ProjectConfigurationPlatforms) = postSolution
		{461BCFBE-06D4-46BB-A668-6637DBAE0E9A}.Debug|Any CPU.ActiveCfg = Debug|Any CPU
		{461BCFBE-06D4-46BB-A668-6637DBAE0E9A}.Debug|Any CPU.Build.0 = Debug|Any CPU
		{461BCFBE-06D4-46BB-A668-6637DBAE0E9A}.Release|Any CPU.ActiveCfg = Release|Any CPU
		{461BCFBE-06D4-46BB-A668-6637DBAE0E9A}.Release|Any CPU.Build.0 = Release|Any CPU
		{36287ED0-9F21-43AD-9177-2CA25E81A5F5}.Debug|Any CPU.ActiveCfg = Debug|Any CPU
		{36287ED0-9F21-43AD-9177-2CA25E81A5F5}.Debug|Any CPU.Build.0 = Debug|Any CPU
		{36287ED0-9F21-43AD-9177-2CA25E81A5F5}.Release|Any CPU.ActiveCfg = Release|Any CPU
		{36287ED0-9F21-43AD-9177-2CA25E81A5F5}.Release|Any CPU.Build.0 = Release|Any CPU
		{B0D6B72F-3E2A-409D-A727-C6CC31BBC79C}.Debug|Any CPU.ActiveCfg = Debug|Any CPU
		{B0D6B72F-3E2A-409D-A727-C6CC31BBC79C}.Debug|Any CPU.Build.0 = Debug|Any CPU
		{B0D6B72F-3E2A-409D-A727-C6CC31BBC79C}.Release|Any CPU.ActiveCfg = Release|Any CPU
		{B0D6B72F-3E2A-409D-A727-C6CC31BBC79C}.Release|Any CPU.Build.0 = Release|Any CPU
		{2FE69833-1F9A-4CF1-B885-DFEEBD41B5CC}.Debug|Any CPU.ActiveCfg = Debug|Any CPU
		{2FE69833-1F9A-4CF1-B885-DFEEBD41B5CC}.Debug|Any CPU.Build.0 = Debug|Any CPU
		{2FE69833-1F9A-4CF1-B885-DFEEBD41B5CC}.Release|Any CPU.ActiveCfg = Release|Any CPU
		{2FE69833-1F9A-4CF1-B885-DFEEBD41B5CC}.Release|Any CPU.Build.0 = Release|Any CPU
	EndGlobalSection
	GlobalSection(SolutionProperties) = preSolution
		HideSolutionNode = FALSE
	EndGlobalSection
	GlobalSection(ExtensibilityGlobals) = postSolution
		SolutionGuid = {95BE1680-4549-47BE-8490-5808FF1CD08E}
	EndGlobalSection
EndGlobal
